
Microsoft Visual Studio Solution File, Format Version 12.00
# Visual Studio Version 16
VisualStudioVersion = 16.0.29418.71
MinimumVisualStudioVersion = 10.0.40219.1
Project("{FAE04EC0-301F-11D3-BF4B-00C04F79EFBC}") = "About", "About\About.csproj", "{97A9407C-C78A-4DA8-9959-1BB9EDCD86A8}"
EndProject
Global
	GlobalSection(SolutionConfigurationPlatforms) = preSolution
		Debug|Any CPU = Debug|Any CPU
		Release|Any CPU = Release|Any CPU
	EndGlobalSection
	GlobalSection(ProjectConfigurationPlatforms) = postSolution
		{97A9407C-C78A-4DA8-9959-1BB9EDCD86A8}.Debug|Any CPU.ActiveCfg = Debug|Any CPU
		{97A9407C-C78A-4DA8-9959-1BB9EDCD86A8}.Debug|Any CPU.Build.0 = Debug|Any CPU
		{97A9407C-C78A-4DA8-9959-1BB9EDCD86A8}.Release|Any CPU.ActiveCfg = Release|Any CPU
		{97A9407C-C78A-4DA8-9959-1BB9EDCD86A8}.Release|Any CPU.Build.0 = Release|Any CPU
	EndGlobalSection
	GlobalSection(SolutionProperties) = preSolution
		HideSolutionNode = FALSE
	EndGlobalSection
	GlobalSection(ExtensibilityGlobals) = postSolution
		SolutionGuid = {2A37268C-6557-4D16-AECC-A3AD0ABD1D5B}
	EndGlobalSection
EndGlobal
