
Microsoft Visual Studio Solution File, Format Version 12.00
# Visual Studio Version 16
VisualStudioVersion = 16.0.29418.71
MinimumVisualStudioVersion = 10.0.40219.1
Project("{FAE04EC0-301F-11D3-BF4B-00C04F79EFBC}") = "InsertParameters", "InsertParameters\InsertParameters.csproj", "{394A9BB5-2A72-44E0-9914-5FCA2B45E4CF}"
EndProject
Global
	GlobalSection(SolutionConfigurationPlatforms) = preSolution
		Debug|Any CPU = Debug|Any CPU
		Debug|x64 = Debug|x64
		Release|Any CPU = Release|Any CPU
		Release|x64 = Release|x64
	EndGlobalSection
	GlobalSection(ProjectConfigurationPlatforms) = postSolution
		{394A9BB5-2A72-44E0-9914-5FCA2B45E4CF}.Debug|Any CPU.ActiveCfg = Debug|Any CPU
		{394A9BB5-2A72-44E0-9914-5FCA2B45E4CF}.Debug|Any CPU.Build.0 = Debug|Any CPU
		{394A9BB5-2A72-44E0-9914-5FCA2B45E4CF}.Debug|x64.ActiveCfg = Debug|x64
		{394A9BB5-2A72-44E0-9914-5FCA2B45E4CF}.Debug|x64.Build.0 = Debug|x64
		{394A9BB5-2A72-44E0-9914-5FCA2B45E4CF}.Release|Any CPU.ActiveCfg = Release|Any CPU
		{394A9BB5-2A72-44E0-9914-5FCA2B45E4CF}.Release|Any CPU.Build.0 = Release|Any CPU
		{394A9BB5-2A72-44E0-9914-5FCA2B45E4CF}.Release|x64.ActiveCfg = Release|x64
		{394A9BB5-2A72-44E0-9914-5FCA2B45E4CF}.Release|x64.Build.0 = Release|x64
	EndGlobalSection
	GlobalSection(SolutionProperties) = preSolution
		HideSolutionNode = FALSE
	EndGlobalSection
	GlobalSection(ExtensibilityGlobals) = postSolution
		SolutionGuid = {9F299F9F-BC3E-4E40-BA4E-4544FE3C7266}
	EndGlobalSection
EndGlobal
